{
  "version": "5",
  "specifiers": {
    "jsr:@david/console-static-text@~0.3.4": "0.3.4",
    "jsr:@david/dax@0.48.5": "0.48.5",
    "jsr:@david/jsonc-morph@0.3.4": "0.3.4",
    "jsr:@david/path@0.3": "0.3.2",
    "jsr:@david/path@~0.3.2": "0.3.2",
    "jsr:@david/shell@~0.5.4": "0.5.4",
    "jsr:@david/which@0.7": "0.7.1",
    "jsr:@deno/loader@0.3": "0.3.14",
    "jsr:@deno/rolldown-plugin@0.0.10": "0.0.10",
    "jsr:@ryu/enogu@0.7.0": "0.7.0",
    "jsr:@std/assert@1.0.19": "1.0.19",
    "jsr:@std/bytes@^1.0.6": "1.0.6",
    "jsr:@std/cli@1.0.32": "1.0.32",
    "jsr:@std/fmt@1": "1.0.10",
    "jsr:@std/fmt@^1.0.10": "1.0.10",
    "jsr:@std/fs@1.0.24": "1.0.24",
    "jsr:@std/internal@^1.0.12": "1.0.14",
    "jsr:@std/internal@^1.0.14": "1.0.14",
    "jsr:@std/io@0.225": "0.225.3",
    "jsr:@std/json@^1.0.2": "1.0.2",
    "jsr:@std/jsonc@1.0.2": "1.0.2",
    "jsr:@std/path@1": "1.1.6",
    "jsr:@std/path@1.1.6": "1.1.6",
    "jsr:@std/path@^1.1.1": "1.1.6",
    "jsr:@std/path@^1.1.5": "1.1.6",
    "jsr:@std/semver@1.0.8": "1.0.8",
    "jsr:@std/yaml@1.1.2": "1.1.2",
    "jsr:@valibot/valibot@1.4.1": "1.4.1",
    "npm:arkregex@0.0.8": "0.0.8",
    "npm:tsdown@0.22.14": "0.22.14"
  },
  "jsr": {
    "@david/console-static-text@0.3.4": {
      "integrity": "1c596f500b075ff3c8bab1d328ca7148a88067fd9a506b16a73eeaf230c229fd"
    },
    "@david/dax@0.48.5": {
      "integrity": "5190696a2d6f87aee8c15cbb44fb1b80bc3eb6572c5dc796afd96014f36d86ce",
      "dependencies": [
        "jsr:@david/console-static-text",
        "jsr:@david/path@~0.3.2",
        "jsr:@david/shell",
        "jsr:@david/which",
        "jsr:@std/fmt@1"
      ]
    },
    "@david/jsonc-morph@0.3.4": {
      "integrity": "a4af7c80b3c233d3856da1e9f2009d251867bee351fea016b22b67d6291c3455"
    },
    "@david/path@0.3.2": {
      "integrity": "f25aaa3de4d3b9edfe25ca5edf15e3014fee7df4f77d64327e5300c27c1a0497"
    },
    "@david/shell@0.5.4": {
      "integrity": "0074cef12702824072996beed09d0abb3476f0c27cd38aff0af1172a3a66a0ca",
      "dependencies": [
        "jsr:@david/console-static-text",
        "jsr:@david/path@0.3",
        "jsr:@david/which",
        "jsr:@std/fmt@1",
        "jsr:@std/io",
        "jsr:@std/path@1"
      ]
    },
    "@david/which@0.7.1": {
      "integrity": "dbc4d2f275650964f7c37a7719f693fac3a836b286d13ec25c2543364cc62d49"
    },
    "@deno/loader@0.3.14": {
      "integrity": "97bc63a6cc2d27a60bcdc953f588c5213331d866d44212eebb24cebfb9b011ca"
    },
    "@deno/rolldown-plugin@0.0.10": {
      "integrity": "b19d30a916b56863a638735046d540a6f0037dc1e50d3e2597b7bca0fea4b6b3",
      "dependencies": [
        "jsr:@deno/loader",
        "jsr:@std/path@^1.1.1"
      ]
    },
    "@ryu/enogu@0.7.0": {
      "integrity": "2f50942d458e94669c697b82afef05d6a05235055afb0b9d708d98a4590750b7"
    },
    "@std/assert@1.0.19": {
      "integrity": "eaada96ee120cb980bc47e040f82814d786fe8162ecc53c91d8df60b8755991e",
      "dependencies": [
        "jsr:@std/internal@^1.0.12"
      ]
    },
    "@std/bytes@1.0.6": {
      "integrity": "f6ac6adbd8ccd99314045f5703e23af0a68d7f7e58364b47d2c7f408aeb5820a"
    },
    "@std/cli@1.0.32": {
      "integrity": "188b3a100d6202d64e3f5bd3d799c7fa4f6d77f92cc65eb7f641c1fa0aa92a66",
      "dependencies": [
        "jsr:@std/fmt@^1.0.10",
        "jsr:@std/internal@^1.0.14"
      ]
    },
    "@std/fmt@1.0.10": {
      "integrity": "90dfba288802ac6de82fb31d0917eb9e4450b9925b954d5e51fc29ac07419db5"
    },
    "@std/fs@1.0.24": {
      "integrity": "f3061b45b81673a2bece689da041df32d174be064c89eb6397fb5718d3fb7877",
      "dependencies": [
        "jsr:@std/internal@^1.0.14",
        "jsr:@std/path@^1.1.5"
      ]
    },
    "@std/internal@1.0.14": {
      "integrity": "291516b3d4c35024d6ffbc0a9df5bf4c64116e05b50012cf846710152d2ffdf7"
    },
    "@std/io@0.225.3": {
      "integrity": "27b07b591384d12d7b568f39e61dff966b8230559122df1e9fd11cc068f7ddd1",
      "dependencies": [
        "jsr:@std/bytes"
      ]
    },
    "@std/json@1.0.2": {
      "integrity": "d9e5497801c15fb679f55a2c01c7794ad7a5dfda4dd1bebab5e409cb5e0d34d4"
    },
    "@std/jsonc@1.0.2": {
      "integrity": "909605dae3af22bd75b1cbda8d64a32cf1fd2cf6efa3f9e224aba6d22c0f44c7",
      "dependencies": [
        "jsr:@std/json"
      ]
    },
    "@std/path@1.1.6": {
      "integrity": "c68485c2a4dfbb5ae3cc74fae4e8c4e5d874cf8a8ed12927917235c758b46cbe",
      "dependencies": [
        "jsr:@std/internal@^1.0.14"
      ]
    },
    "@std/semver@1.0.8": {
      "integrity": "dc830e8b8b6a380c895d53fbfd1258dc253704ca57bbe1629ac65fd7830179b7"
    },
    "@std/yaml@1.1.2": {
      "integrity": "de612653c036749ba2044165e316f52412b0f0698afffb7ee80b5331d6d2abae"
    },
    "@valibot/valibot@1.4.1": {
      "integrity": "9be12a3f73f3fd00fa44ae189bc1bb3ab4d9088ec2e32a6ab370ae4fca29ee6e"
    }
  },
  "npm": {
    "@ark/util@0.56.2": {
      "integrity": "sha512-9kU2sUE38FZEGG7l3hamYMBieLYEJh2L1mrYD2eXpT+78EnQSV1bhjxJhnxGBMSTbtwpBSDNSK+K60WvaI/DTQ=="
    },
    "@emnapi/core@2.0.0-alpha.3": {
      "integrity": "sha512-AZypUeJ/yByuxyS7BlSNRDOMLMlROYtjYdIAuBmJssVz1UJDSeYxLrdizhXCFYhedC5bqd/ASy8EuNXbVVXp9g==",
      "dependencies": [
        "@emnapi/wasi-threads",
        "tslib"
      ]
    },
    "@emnapi/runtime@2.0.0-alpha.3": {
      "integrity": "sha512-hFPAhMUjJD9BSyCANEISPOogeXC9Zo9ZQl7L6vKnaVsMkCtzznaW/naYypeyl0Gv5rYfWYsZbpixTMpjDJzQeA==",
      "dependencies": [
        "tslib"
      ]
    },
    "@emnapi/wasi-threads@2.0.1": {
      "integrity": "sha512-9DsSk+o5NBX0CCJT8s0EROGSGxjR/tKu6aBTaVyq+SjAEQH4XcdcRxPBRzsBLizTTJ49MJjF+jgu3qnO9GLQcQ==",
      "dependencies": [
        "tslib"
      ]
    },
    "@napi-rs/wasm-runtime@1.2.1_@emnapi+core@2.0.0-alpha.3_@emnapi+runtime@2.0.0-alpha.3": {
      "integrity": "sha512-KjZdi8Q1wh89gsVmghvbrMgWl6ZWmRmHV6wjB7/g4Zf0dyO+hH3neZUtuDNPO00qq5YE5RITVWvrIZKRaAmzGQ==",
      "dependencies": [
        "@emnapi/core",
        "@emnapi/runtime",
        "@tybys/wasm-util"
      ]
    },
    "@oxc-project/types@0.142.0": {
      "integrity": "sha512-7W+2q5AKQVU36fkaryontrHn3YDt1RyUYXatw9i5H8ocYe2sPKSFB6eS8WNPeRKiN1qAWWZUPm7gwFzJGrccqQ=="
    },
    "@quansync/fs@1.0.0": {
      "integrity": "sha512-4TJ3DFtlf1L5LDMaM6CanJ/0lckGNtJcMjQ1NAV6zDmA0tEHKZtxNKin8EgPaVX1YzljbxckyT2tJrpQKAtngQ==",
      "dependencies": [
        "quansync"
      ]
    },
    "@rolldown/binding-android-arm64@1.2.1": {
      "integrity": "sha512-02hOeOSryYxVrOIphmLAsqnCJWxwlzFk+pEt/N/i6OgT3lShHO7xGCU5cpgchRDHboAEbSjzgGh+O/u1GswQmA==",
      "os": ["android"],
      "cpu": ["arm64"]
    },
    "@rolldown/binding-darwin-arm64@1.2.1": {
      "integrity": "sha512-fMsTOnN0OjFm3CyppWPitKnc8UlliVARUULW6cfU6AIqjdtgmSFWSk9vecHzZduv/yMWIHDlRhM1e8Iff9uAfA==",
      "os": ["darwin"],
      "cpu": ["arm64"]
    },
    "@rolldown/binding-darwin-x64@1.2.1": {
      "integrity": "sha512-1wjKdz/XLGKHaTNHjQveQ/B23TKx4ItAqm1JbyVuvNPc4Ze0Fb48s49TAd/2zcplPl8okE/UbTgmlVfwT7eFeQ==",
      "os": ["darwin"],
      "cpu": ["x64"]
    },
    "@rolldown/binding-freebsd-x64@1.2.1": {
      "integrity": "sha512-Fa0jHR07E7YBN4vOEsbVf2briYNsuOowfLJaXULZM0ldMlaCaj2LJgLMbMe4iacRyZmvR8efFhgR9wKuGclQUg==",
      "os": ["freebsd"],
      "cpu": ["x64"]
    },
    "@rolldown/binding-linux-arm-gnueabihf@1.2.1": {
      "integrity": "sha512-pzkgu1SSHGgRRyRZ4fbmSgmajbVt+epaLP99NDjFft69v/ypfTi6swBMiVdh2EkQ0OSnHE1lZDM7DRGkyAzUpA==",
      "os": ["linux"],
      "cpu": ["arm"]
    },
    "@rolldown/binding-linux-arm64-gnu@1.2.1": {
      "integrity": "sha512-QI5SEDY8cbiYWHx0VO4vIc3UlS6a32vXHjU8Qy/17adEmZIPuByJg13UEvo9c/UCiUkdcVWY83C+b+JrwnNyUg==",
      "os": ["linux"],
      "cpu": ["arm64"]
    },
    "@rolldown/binding-linux-arm64-musl@1.2.1": {
      "integrity": "sha512-Sm41FyCeXqmYcERoYOCbGIL5hNfd8w9LQ7Y61Bev48HkcjaJqV/iiVOaiDxjVTRMS+QKrZmD8cfPt4uMVnvM+A==",
      "os": ["linux"],
      "cpu": ["arm64"]
    },
    "@rolldown/binding-linux-ppc64-gnu@1.2.1": {
      "integrity": "sha512-2x+WhXTGl9yJYPbltW/BSEPTVz9OIWQyER4N+gJEDWkkn904eRcBzELqh/Hf7K0w/ubGbKNMv0ZC+94QK/IFEg==",
      "os": ["linux"],
      "cpu": ["ppc64"]
    },
    "@rolldown/binding-linux-s390x-gnu@1.2.1": {
      "integrity": "sha512-eEjmQpuRQayHPWWnywaWHkFT3ToPbP3RYy42VVd/B9aBGDA+Ol25EIWHxKQST3IiWJjikCWUF7KtbfqwZrzVwQ==",
      "os": ["linux"],
      "cpu": ["s390x"]
    },
    "@rolldown/binding-linux-x64-gnu@1.2.1": {
      "integrity": "sha512-/Orga1fZYkLc/56jBICcHrKchl8Z2UKdDSr3LG9ToWO1lQ6a4Livk9Xz+9WN91zsz5QR3XQz2NNoSDEvP6qadw==",
      "os": ["linux"],
      "cpu": ["x64"]
    },
    "@rolldown/binding-linux-x64-musl@1.2.1": {
      "integrity": "sha512-xxBJRL+0q0Kce7orznGWLuylHDY65vuARXZRpX+hPdv+DqK2c3NlCsVA98tlWzWNEE7yPqA/1NQ5nnCrj49Y5A==",
      "os": ["linux"],
      "cpu": ["x64"]
    },
    "@rolldown/binding-openharmony-arm64@1.2.1": {
      "integrity": "sha512-M6AdXIXw3s+/8XpKMzdGDEXGS1S7kwUsy+rcTIUIOx5Ge4nXKCtAFHFV9YKkXvGcC5WMoTjAteLzlsQROVI0Yw==",
      "os": ["openharmony"],
      "cpu": ["arm64"]
    },
    "@rolldown/binding-wasm32-wasi@1.2.1": {
      "integrity": "sha512-/TX0SoRGojHzSAHpfVBbavRVSazg5U3h3Y3VXfcc0cdugq6kxdqw8LPGFiPr+/7gE/60zRcsOY2Vi9b9eT0jww==",
      "dependencies": [
        "@emnapi/core",
        "@emnapi/runtime",
        "@napi-rs/wasm-runtime"
      ]
    },
    "@rolldown/binding-win32-arm64-msvc@1.2.1": {
      "integrity": "sha512-EvRrivJieyHG+AO9lleZWgq+g0+S7oV2C51yuqlcyU/R9net+sI4Pj0F+lUoP2bEr6TWX3SqFaaS0SzfLxSzkw==",
      "os": ["win32"],
      "cpu": ["arm64"]
    },
    "@rolldown/binding-win32-x64-msvc@1.2.1": {
      "integrity": "sha512-Z4eCmn5QJ/5+azF9knpLWKfVd9aidn0mAe9TpJgvBLId9Ax3t0+JVxBmT25Bv7NBbVW1TZyKjQjQReouMeH5UQ==",
      "os": ["win32"],
      "cpu": ["x64"]
    },
    "@rolldown/pluginutils@1.0.1": {
      "integrity": "sha512-2j9bGt5Jh8hj+vPtgzPtl72j0yRxHAyumoo6TNfAjsLB04UtpSvPbPcDcBMxz7n+9CYB0c1GxQFxYRg2jimqGw=="
    },
    "@tybys/wasm-util@0.10.3": {
      "integrity": "sha512-F3fo1MYrRJYL3zER0OUOmkutjr1Vp23m7OsSgp7nq4SP6OqX6C/56XFIPAl5bt3zaBRjmW7SGz3u/6LwFpYcOg==",
      "dependencies": [
        "tslib"
      ]
    },
    "@yuku-codegen/binding-darwin-arm64@0.8.1": {
      "integrity": "sha512-Ck0RmDBLc+R0dZpfTXmJFAvcuPf+npbJF1T/VhC9pPDGjNEOGwn4DwFcjhg//DfNIO+xgktsLSt5S4v0MFrToA==",
      "os": ["darwin"],
      "cpu": ["arm64"]
    },
    "@yuku-codegen/binding-darwin-x64@0.8.1": {
      "integrity": "sha512-6BDLLWi8wHbCghgkajS+OeVJX2jLY9pY9HV/qH9daLP1XCyMSPssEiXjKyPiJq+St5b+zcPgMEBF8cgJDNhMMQ==",
      "os": ["darwin"],
      "cpu": ["x64"]
    },
    "@yuku-codegen/binding-freebsd-x64@0.8.1": {
      "integrity": "sha512-Rd1PHfw2mxC8y00kWxYWDClnBC1NbSwPuq0zKLYPggE7mlOnV+eQ15futtaz/Q4BP+jOtEv9elxvP7by20h6Kw==",
      "os": ["freebsd"],
      "cpu": ["x64"]
    },
    "@yuku-codegen/binding-linux-arm-gnu@0.8.1": {
      "integrity": "sha512-/XGncN6jQ/CwXNgWwo+XnsUmILY1q1mbS1f38XnYOHw3DOKOISxVIAlD9IsmdrHLAUAncFlgFS3ky4OO9fvjyg==",
      "os": ["linux"],
      "cpu": ["arm"]
    },
    "@yuku-codegen/binding-linux-arm-musl@0.8.1": {
      "integrity": "sha512-Rxut53qx3JbTkQ8+A6I8Lrplwz55HQVCjEsTsWF1uOpfgALdvuKSMPIE0gVqefEEcOSA9ASklbNacmXwiqnaMw==",
      "os": ["linux"],
      "cpu": ["arm"]
    },
    "@yuku-codegen/binding-linux-arm64-gnu@0.8.1": {
      "integrity": "sha512-hBNkUPHX04BjB2oIIgIlYT2tog9x0rmBVkZep0f4LLYyFhdJfYM/s2pJ0c8ehQhhkQaJFokW4CxGhiVvVLlzWg==",
      "os": ["linux"],
      "cpu": ["arm64"]
    },
    "@yuku-codegen/binding-linux-arm64-musl@0.8.1": {
      "integrity": "sha512-ePZZnmOxArA4jA3AWlJj3WdY5z1ahQSLwAYrv7mozkJVcrBz2wZgy8l9ukcHFpTxPyhxCAea4gBSZEqqsCYE3A==",
      "os": ["linux"],
      "cpu": ["arm64"]
    },
    "@yuku-codegen/binding-linux-x64-gnu@0.8.1": {
      "integrity": "sha512-LGAEXnQ4Xg/BtOuEirABwa9ByUTXFjealqXXAHVFb8EEmZu5QeHLtsdB2MA2IcYVAgW/QPkyqfnd80R4FltI2A==",
      "os": ["linux"],
      "cpu": ["x64"]
    },
    "@yuku-codegen/binding-linux-x64-musl@0.8.1": {
      "integrity": "sha512-PPDMcQIKCNTOaLBBKh9SBM1EAPcsvnlShMAxq2D/twnSCSEUI9LfrR+G9J4P3o+46ZS4WN8mjZsj8p4PKOnKgw==",
      "os": ["linux"],
      "cpu": ["x64"]
    },
    "@yuku-codegen/binding-win32-arm64@0.8.1": {
      "integrity": "sha512-W8A1QpstKYhg4e56s13L4ByQprQ1OXY3QFoNPIh6+4v/DEgqfhJ9ApU++e7zHQCQrhYjyQC/uWtxUcRqpyL/7Q==",
      "os": ["win32"],
      "cpu": ["arm64"]
    },
    "@yuku-codegen/binding-win32-x64@0.8.1": {
      "integrity": "sha512-zH7g7pLjfl3uZaNvYzd1PnCerU9fvhS16B7Z0z4Ai0S/oaGI53Y2xh8ylFDvDvmquEP7vay4O/zuLgvZeEsxVA==",
      "os": ["win32"],
      "cpu": ["x64"]
    },
    "@yuku-parser/binding-darwin-arm64@0.8.1": {
      "integrity": "sha512-iKQinrhsdxsGJ38msw4KaD7yotWw5N2nqMLeOPD+ttpZQKJc9nGL3VHMtISzCJ9Q09g0N3m91mYRFnIbXfhhig==",
      "os": ["darwin"],
      "cpu": ["arm64"]
    },
    "@yuku-parser/binding-darwin-x64@0.8.1": {
      "integrity": "sha512-k7zt2H3sWbYzwTGAK2TT6ma18w1XpwFAWgmBHiaMGHVe63aArrtO+55r6g7chXJ4joB6lb8SxYFyRQ974xfawQ==",
      "os": ["darwin"],
      "cpu": ["x64"]
    },
    "@yuku-parser/binding-freebsd-x64@0.8.1": {
      "integrity": "sha512-tQjrlkE/vYEBXZ+pM59FerIVD4Zfs2OpRvN3e8oo12pTcAbwTTxteZKWaedfUsZr+gKO4tLLAaFaFIwa5fQJFw==",
      "os": ["freebsd"],
      "cpu": ["x64"]
    },
    "@yuku-parser/binding-linux-arm-gnu@0.8.1": {
      "integrity": "sha512-LZQgyer5d5i1f5oot+x6EhANXPD4FeCgz2CiSiWFSFBeG1U2m5jz65LD8gZwzy4CP4QVxQFyX9BazVRskTbwuQ==",
      "os": ["linux"],
      "cpu": ["arm"]
    },
    "@yuku-parser/binding-linux-arm-musl@0.8.1": {
      "integrity": "sha512-69G1N4bPkygrus/ahtFxVdv9lzfvS65fuyMdDknn5BZU/gfFGBJyHeJ8UGgLPTyR3YptlJMuZhEkdgp6Qhfz2g==",
      "os": ["linux"],
      "cpu": ["arm"]
    },
    "@yuku-parser/binding-linux-arm64-gnu@0.8.1": {
      "integrity": "sha512-XL5+JpKCl1ghQTnZezy41NzmPdk4rZ6s0Z8qvGsgNPJ6yrSD7Ne8iz20SZZd/nW720qHiJy/ux62rwzZ+/clMg==",
      "os": ["linux"],
      "cpu": ["arm64"]
    },
    "@yuku-parser/binding-linux-arm64-musl@0.8.1": {
      "integrity": "sha512-Rj290yfrWlrV4/+HrAuoeJXMHdoNubJWKdhg1QDa/mvqa8MUYFd4IHuVYjP/WdQzEgOAWGrLC48vcnge6U3jbg==",
      "os": ["linux"],
      "cpu": ["arm64"]
    },
    "@yuku-parser/binding-linux-x64-gnu@0.8.1": {
      "integrity": "sha512-d3IDkhAxiUTVuGI6BKIMKUyLe7ZxMY5yLqyvvTqJD1WPnE0eJTsLeRFRBv7/HXsnAzDs0IgvoG5bjvUkHZ5kSg==",
      "os": ["linux"],
      "cpu": ["x64"]
    },
    "@yuku-parser/binding-linux-x64-musl@0.8.1": {
      "integrity": "sha512-Oyp+2gGYKK/AvN2ZoauRn1LGPdkjME5/TE/l4a9mT0JdNeiRTvno42383bt04MWnAZcYS4Hv7YsiFOXUBeLdpA==",
      "os": ["linux"],
      "cpu": ["x64"]
    },
    "@yuku-parser/binding-win32-arm64@0.8.1": {
      "integrity": "sha512-H77lYgICWRZycGmLaojzg0aSs3Z3v8SZWkcEjl1Ql3s+Km2SyiQcZ7RGq++Wh5nJxpiDJGAzYDC74XqMNm2ZHg==",
      "os": ["win32"],
      "cpu": ["arm64"]
    },
    "@yuku-parser/binding-win32-x64@0.8.1": {
      "integrity": "sha512-ABniFzqYYn64NUEgmHTb6JxEzAlpmPu4cpMFjMBlR6cJXqL+vd7K1ae/yrt+NhUduHkJWJqG4lbHbV2yp9el3w==",
      "os": ["win32"],
      "cpu": ["x64"]
    },
    "@yuku-toolchain/types@0.8.1": {
      "integrity": "sha512-HcGEV3kOn9evBTm2ARYOFNKAI7sY9twQozCVd9EVdlsBlnKi0a2iv8xXxYVHFCBQpX3SvvPXBhk8lcK6NUTdNg=="
    },
    "ansis@4.3.1": {
      "integrity": "sha512-BJ8/l4R5LRE7hW9WdSuGYrLSHi2ynxeFpDFbH0K/CgNeY/tyhk+vO6TYxXC5r5CpUhNVX310xzPsN/H9lCdfOA=="
    },
    "arkregex@0.0.8": {
      "integrity": "sha512-PJcx6G1kQTgLKPUbeYlYecDRaKq15AMSGVajlKFYWlPeJRQL+j3dKE6tyMs40HZ99djS1l9Vhl3ezAHy9JBIqQ==",
      "dependencies": [
        "@ark/util"
      ]
    },
    "cac@7.0.0": {
      "integrity": "sha512-tixWYgm5ZoOD+3g6UTea91eow5z6AAHaho3g0V9CNSNb45gM8SmflpAc+GRd1InC4AqN/07Unrgp56Y94N9hJQ=="
    },
    "defu@6.1.7": {
      "integrity": "sha512-7z22QmUWiQ/2d0KkdYmANbRUVABpZ9SNYyH5vx6PZ+nE5bcC0l7uFvEfHlyld/HcGBFTL536ClDt3DEcSlEJAQ=="
    },
    "dts-resolver@3.0.0": {
      "integrity": "sha512-1T1f+z+4tl9XD+m+0HBgWoL/nm0bOIffyWaUuUSBlFg/86IWvfx+wjNaO/ybU0AJzG9/Mi5hBUgGV6zCmWEN7Q=="
    },
    "empathic@2.0.1": {
      "integrity": "sha512-YGRs8knHhKHVShLkFET/rWAU8kmHbOV5LwN938RHI0pljAJ1Gf6SzXsSmRaEzcXTtOOmVqJ5+WtQPL5uigY50Q=="
    },
    "fdir@6.5.0_picomatch@4.0.5": {
      "integrity": "sha512-tIbYtZbucOs0BRGqPJkshJUYdL+SDH7dVM8gjy+ERp3WAUjLEFJE+02kanyHtwjWOnwrKYBiwAmM0p4kLJAnXg==",
      "dependencies": [
        "picomatch"
      ],
      "optionalPeers": [
        "picomatch"
      ]
    },
    "get-tsconfig@5.0.0-beta.5": {
      "integrity": "sha512-/6gFNr0N04nob252sTQxyFLi3eKFRqIg1I87YcqAMT1i6SQrSF6KujUEQrtrjMV0H/eejTCltLdDSTEMzHbnsQ==",
      "dependencies": [
        "resolve-pkg-maps"
      ]
    },
    "hookable@6.1.1": {
      "integrity": "sha512-U9LYDy1CwhMCnprUfeAZWZGByVbhd54hwepegYTK7Pi5NvqEj63ifz5z+xukznehT7i6NIZRu89Ay1AZmRsLEQ=="
    },
    "import-without-cache@0.4.0": {
      "integrity": "sha512-NkJQA7oZ4YHQhd2+H3BoRFKF3d/XNsiKpHZCQEMH9pDX27hQQLsTyOocyRgaIVtf8gHX3Nt3LPkR4e5EdtPAGQ=="
    },
    "obug@2.1.4": {
      "integrity": "sha512-4a+OsYv9UktOJKE+l1A4OufDgdRF9PifWj+tJnHURo/P+WOxpG4GzUFL9qCalmWauao6ogiG+QvnCovwPoyAWA=="
    },
    "picomatch@4.0.5": {
      "integrity": "sha512-RvwwcruNjI1ncT5xRakeyS9Lf8lcItv34KD+aif+VH9kduAyfYBipGh12274xtenIPZ119/R9BdTBa8gAwSh0A=="
    },
    "quansync@1.0.0": {
      "integrity": "sha512-5xZacEEufv3HSTPQuchrvV6soaiACMFnq1H8wkVioctoH3TRha9Sz66lOxRwPK/qZj7HPiSveih9yAyh98gvqA=="
    },
    "resolve-pkg-maps@1.0.0": {
      "integrity": "sha512-seS2Tj26TBVOC2NIc2rOe2y2ZO7efxITtLZcGSOnHHNOQ7CkiUBfw0Iw2ck6xkIhPwLhKNLS8BO+hEpngQlqzw=="
    },
    "rolldown-plugin-dts@0.27.14_rolldown@1.2.1": {
      "integrity": "sha512-ZvuDDwoIpRK9RPxDXratCpklFO9QZZWndf/sd0VBFb4LEj0jj07UcHK9OCh7V4XiFz2Z89ziyBC2K6tJiDjrbw==",
      "dependencies": [
        "dts-resolver",
        "get-tsconfig",
        "obug",
        "rolldown",
        "yuku-ast",
        "yuku-codegen",
        "yuku-parser"
      ]
    },
    "rolldown@1.2.1": {
      "integrity": "sha512-4FKJhg8d3OiyQOA6Q1Q0hoFFpW9/OoX+VsHzpECsdsIZoOArrAK90gl59YK/Z+gnDel45bgJZK03ozH/9bCqEw==",
      "dependencies": [
        "@oxc-project/types",
        "@rolldown/pluginutils"
      ],
      "optionalDependencies": [
        "@rolldown/binding-android-arm64",
        "@rolldown/binding-darwin-arm64",
        "@rolldown/binding-darwin-x64",
        "@rolldown/binding-freebsd-x64",
        "@rolldown/binding-linux-arm-gnueabihf",
        "@rolldown/binding-linux-arm64-gnu",
        "@rolldown/binding-linux-arm64-musl",
        "@rolldown/binding-linux-ppc64-gnu",
        "@rolldown/binding-linux-s390x-gnu",
        "@rolldown/binding-linux-x64-gnu",
        "@rolldown/binding-linux-x64-musl",
        "@rolldown/binding-openharmony-arm64",
        "@rolldown/binding-wasm32-wasi",
        "@rolldown/binding-win32-arm64-msvc",
        "@rolldown/binding-win32-x64-msvc"
      ],
      "bin": true
    },
    "tinyexec@1.2.4": {
      "integrity": "sha512-SHf/r48b7vOrjve9PxJo3MN5v5yuyjHvdUcrQffT3WXMUfnGmHDVbC4k3sHJaJTgZCwpUplIaAo5ANtMyp3YHg=="
    },
    "tinyglobby@0.2.17": {
      "integrity": "sha512-wXR/dYpcqKmfWpEdZjiKJOwCNFndD0DMnrW/cYjVGttEkBfVgcLFHoNrlj47mjOVic9yyNu65alsgF4NQyTa2g==",
      "dependencies": [
        "fdir",
        "picomatch"
      ]
    },
    "tree-kill@1.2.2": {
      "integrity": "sha512-L0Orpi8qGpRG//Nd+H90vFB+3iHnue1zSSGmNOOCh1GLJ7rUKVwV2HvijphGQS2UmhUZewS9VgvxYIdgr+fG1A==",
      "bin": true
    },
    "tsdown@0.22.14": {
      "integrity": "sha512-ule7Y+fsAN2iZbLDoo7C4KYljFJNJJ+fLshyn+9gozeTspVersWHxwdGB+Dm2hzA38s6muFnUTl0jK3vJm9ifQ==",
      "dependencies": [
        "ansis",
        "cac",
        "defu",
        "empathic",
        "hookable",
        "import-without-cache",
        "obug",
        "picomatch",
        "rolldown",
        "rolldown-plugin-dts",
        "tinyexec",
        "tinyglobby",
        "tree-kill",
        "unconfig-core",
        "verkit"
      ],
      "bin": true
    },
    "tslib@2.8.1": {
      "integrity": "sha512-oJFu94HQb+KVduSUQL7wnpmqnfmLsOA/nAh6b6EH0wCEoK0/mPeXU6c3wKDV83MkOuHPRHtSXKKU99IBazS/2w=="
    },
    "unconfig-core@7.5.0": {
      "integrity": "sha512-Su3FauozOGP44ZmKdHy2oE6LPjk51M/TRRjHv2HNCWiDvfvCoxC2lno6jevMA91MYAdCdwP05QnWdWpSbncX/w==",
      "dependencies": [
        "@quansync/fs",
        "quansync"
      ]
    },
    "verkit@0.3.1": {
      "integrity": "sha512-w2Eo8LSIIoW7qxNBzT7/17k+bh8plXo7G3dHjEIDqPlnluhzaxr9JX8F28VSYEtDvc1/a3WBDih6xNUZseebXg=="
    },
    "yuku-ast@0.8.1": {
      "integrity": "sha512-+k1E2f08y0k1+vpdD1KUCzDh2JXvwirMa8YR2Jr7VCS4zAo3eT5A/HbJCqaVGd6idaPY0gwLM9C4seEY4h10Hw==",
      "dependencies": [
        "@yuku-toolchain/types"
      ]
    },
    "yuku-codegen@0.8.1": {
      "integrity": "sha512-/4Sbg9K9HpCe3PidmMbs9TzJ62gq3KmQY279TB0EGKdMoM8LfcmIg4E9wS2J/ylbFuQaWcYqf5dBKr8zubdlKA==",
      "dependencies": [
        "@yuku-toolchain/types"
      ],
      "optionalDependencies": [
        "@yuku-codegen/binding-darwin-arm64",
        "@yuku-codegen/binding-darwin-x64",
        "@yuku-codegen/binding-freebsd-x64",
        "@yuku-codegen/binding-linux-arm-gnu",
        "@yuku-codegen/binding-linux-arm-musl",
        "@yuku-codegen/binding-linux-arm64-gnu",
        "@yuku-codegen/binding-linux-arm64-musl",
        "@yuku-codegen/binding-linux-x64-gnu",
        "@yuku-codegen/binding-linux-x64-musl",
        "@yuku-codegen/binding-win32-arm64",
        "@yuku-codegen/binding-win32-x64"
      ]
    },
    "yuku-parser@0.8.1": {
      "integrity": "sha512-YvUz2jdFMIq0QjN8LmI32ox+RBCn3l8VToAXVQ5QFfLTxSxmGZS6JP80ptePEju+CpeTdINLmUm7Ewodzh1QnQ==",
      "dependencies": [
        "@yuku-toolchain/types",
        "yuku-ast"
      ],
      "optionalDependencies": [
        "@yuku-parser/binding-darwin-arm64",
        "@yuku-parser/binding-darwin-x64",
        "@yuku-parser/binding-freebsd-x64",
        "@yuku-parser/binding-linux-arm-gnu",
        "@yuku-parser/binding-linux-arm-musl",
        "@yuku-parser/binding-linux-arm64-gnu",
        "@yuku-parser/binding-linux-arm64-musl",
        "@yuku-parser/binding-linux-x64-gnu",
        "@yuku-parser/binding-linux-x64-musl",
        "@yuku-parser/binding-win32-arm64",
        "@yuku-parser/binding-win32-x64"
      ]
    }
  },
  "workspace": {
    "dependencies": [
      "jsr:@david/dax@0.48.5",
      "jsr:@david/jsonc-morph@0.3.4",
      "jsr:@deno/rolldown-plugin@0.0.10",
      "jsr:@ryu/enogu@0.7.0",
      "jsr:@std/assert@1.0.19",
      "jsr:@std/cli@1.0.32",
      "jsr:@std/fs@1.0.24",
      "jsr:@std/jsonc@1.0.2",
      "jsr:@std/path@1.1.6",
      "jsr:@std/semver@1.0.8",
      "jsr:@std/yaml@1.1.2",
      "jsr:@valibot/valibot@1.4.1",
      "npm:arkregex@0.0.8",
      "npm:tsdown@0.22.14"
    ]
  }
}
