{
  "version": "5",
  "specifiers": {
    "jsr:@david/console-static-text@~0.3.4": "0.3.4",
    "jsr:@david/dax@0.48.5": "0.48.5",
    "jsr:@david/jsonc-morph@0.3.4": "0.3.4",
    "jsr:@david/path@0.3": "0.3.2",
    "jsr:@david/path@~0.3.2": "0.3.2",
    "jsr:@david/shell@~0.5.4": "0.5.4",
    "jsr:@david/which@0.7": "0.7.1",
    "jsr:@deno/loader@0.3": "0.3.14",
    "jsr:@deno/rolldown-plugin@0.0.10": "0.0.10",
    "jsr:@ryu/enogu@0.7.0": "0.7.0",
    "jsr:@std/assert@1.0.19": "1.0.19",
    "jsr:@std/bytes@^1.0.6": "1.0.6",
    "jsr:@std/cli@1.0.32": "1.0.32",
    "jsr:@std/fmt@1": "1.0.10",
    "jsr:@std/fmt@^1.0.10": "1.0.10",
    "jsr:@std/fs@1.0.24": "1.0.24",
    "jsr:@std/internal@^1.0.12": "1.0.14",
    "jsr:@std/internal@^1.0.14": "1.0.14",
    "jsr:@std/io@0.225": "0.225.3",
    "jsr:@std/json@^1.0.2": "1.0.2",
    "jsr:@std/jsonc@1.0.2": "1.0.2",
    "jsr:@std/path@1": "1.1.6",
    "jsr:@std/path@1.1.6": "1.1.6",
    "jsr:@std/path@^1.1.1": "1.1.6",
    "jsr:@std/path@^1.1.5": "1.1.6",
    "jsr:@std/semver@1.0.8": "1.0.8",
    "jsr:@std/yaml@1.2.0": "1.2.0",
    "jsr:@valibot/valibot@1.4.1": "1.4.1",
    "npm:arkregex@0.0.8": "0.0.8",
    "npm:tsdown@0.23.0": "0.23.0"
  },
  "jsr": {
    "@david/console-static-text@0.3.4": {
      "integrity": "1c596f500b075ff3c8bab1d328ca7148a88067fd9a506b16a73eeaf230c229fd"
    },
    "@david/dax@0.48.5": {
      "integrity": "5190696a2d6f87aee8c15cbb44fb1b80bc3eb6572c5dc796afd96014f36d86ce",
      "dependencies": [
        "jsr:@david/console-static-text",
        "jsr:@david/path@~0.3.2",
        "jsr:@david/shell",
        "jsr:@david/which",
        "jsr:@std/fmt@1"
      ]
    },
    "@david/jsonc-morph@0.3.4": {
      "integrity": "a4af7c80b3c233d3856da1e9f2009d251867bee351fea016b22b67d6291c3455"
    },
    "@david/path@0.3.2": {
      "integrity": "f25aaa3de4d3b9edfe25ca5edf15e3014fee7df4f77d64327e5300c27c1a0497"
    },
    "@david/shell@0.5.4": {
      "integrity": "0074cef12702824072996beed09d0abb3476f0c27cd38aff0af1172a3a66a0ca",
      "dependencies": [
        "jsr:@david/console-static-text",
        "jsr:@david/path@0.3",
        "jsr:@david/which",
        "jsr:@std/fmt@1",
        "jsr:@std/io",
        "jsr:@std/path@1"
      ]
    },
    "@david/which@0.7.1": {
      "integrity": "dbc4d2f275650964f7c37a7719f693fac3a836b286d13ec25c2543364cc62d49"
    },
    "@deno/loader@0.3.14": {
      "integrity": "97bc63a6cc2d27a60bcdc953f588c5213331d866d44212eebb24cebfb9b011ca"
    },
    "@deno/rolldown-plugin@0.0.10": {
      "integrity": "b19d30a916b56863a638735046d540a6f0037dc1e50d3e2597b7bca0fea4b6b3",
      "dependencies": [
        "jsr:@deno/loader",
        "jsr:@std/path@^1.1.1"
      ]
    },
    "@ryu/enogu@0.7.0": {
      "integrity": "2f50942d458e94669c697b82afef05d6a05235055afb0b9d708d98a4590750b7"
    },
    "@std/assert@1.0.19": {
      "integrity": "eaada96ee120cb980bc47e040f82814d786fe8162ecc53c91d8df60b8755991e",
      "dependencies": [
        "jsr:@std/internal@^1.0.12"
      ]
    },
    "@std/bytes@1.0.6": {
      "integrity": "f6ac6adbd8ccd99314045f5703e23af0a68d7f7e58364b47d2c7f408aeb5820a"
    },
    "@std/cli@1.0.32": {
      "integrity": "188b3a100d6202d64e3f5bd3d799c7fa4f6d77f92cc65eb7f641c1fa0aa92a66",
      "dependencies": [
        "jsr:@std/fmt@^1.0.10",
        "jsr:@std/internal@^1.0.14"
      ]
    },
    "@std/fmt@1.0.10": {
      "integrity": "90dfba288802ac6de82fb31d0917eb9e4450b9925b954d5e51fc29ac07419db5"
    },
    "@std/fs@1.0.24": {
      "integrity": "f3061b45b81673a2bece689da041df32d174be064c89eb6397fb5718d3fb7877",
      "dependencies": [
        "jsr:@std/internal@^1.0.14",
        "jsr:@std/path@^1.1.5"
      ]
    },
    "@std/internal@1.0.14": {
      "integrity": "291516b3d4c35024d6ffbc0a9df5bf4c64116e05b50012cf846710152d2ffdf7"
    },
    "@std/io@0.225.3": {
      "integrity": "27b07b591384d12d7b568f39e61dff966b8230559122df1e9fd11cc068f7ddd1",
      "dependencies": [
        "jsr:@std/bytes"
      ]
    },
    "@std/json@1.0.2": {
      "integrity": "d9e5497801c15fb679f55a2c01c7794ad7a5dfda4dd1bebab5e409cb5e0d34d4"
    },
    "@std/jsonc@1.0.2": {
      "integrity": "909605dae3af22bd75b1cbda8d64a32cf1fd2cf6efa3f9e224aba6d22c0f44c7",
      "dependencies": [
        "jsr:@std/json"
      ]
    },
    "@std/path@1.1.6": {
      "integrity": "c68485c2a4dfbb5ae3cc74fae4e8c4e5d874cf8a8ed12927917235c758b46cbe",
      "dependencies": [
        "jsr:@std/internal@^1.0.14"
      ]
    },
    "@std/semver@1.0.8": {
      "integrity": "dc830e8b8b6a380c895d53fbfd1258dc253704ca57bbe1629ac65fd7830179b7"
    },
    "@std/yaml@1.2.0": {
      "integrity": "20beb41e4983ba3437dbefac62b14061ab058e8a187596f19d28ff9035f6e6cf"
    },
    "@valibot/valibot@1.4.1": {
      "integrity": "9be12a3f73f3fd00fa44ae189bc1bb3ab4d9088ec2e32a6ab370ae4fca29ee6e"
    }
  },
  "npm": {
    "@ark/util@0.56.2": {
      "integrity": "sha512-9kU2sUE38FZEGG7l3hamYMBieLYEJh2L1mrYD2eXpT+78EnQSV1bhjxJhnxGBMSTbtwpBSDNSK+K60WvaI/DTQ=="
    },
    "@oxc-project/types@0.149.0": {
      "integrity": "sha512-Efcc+iF0j3Bf67YjEqIqWXbX5XddXoK/Mw4K1/JuXwRCZ8N16VR7iT23nlCc9XrveFVh/E5Rqs2StT0V8v9LdA=="
    },
    "@quansync/fs@1.0.0": {
      "integrity": "sha512-4TJ3DFtlf1L5LDMaM6CanJ/0lckGNtJcMjQ1NAV6zDmA0tEHKZtxNKin8EgPaVX1YzljbxckyT2tJrpQKAtngQ==",
      "dependencies": [
        "quansync"
      ]
    },
    "@rolldown/binding-android-arm-eabi@1.2.8": {
      "integrity": "sha512-tN5aztYkKCte4i5SIrrz5yK/HMjEuCqCSCJa418jOV8tZ1cBY3YF2otxB1ktPxzsLA1BeTqwapK0bfjxNvHJVw==",
      "os": ["android"],
      "cpu": ["arm"]
    },
    "@rolldown/binding-android-arm64@1.2.8": {
      "integrity": "sha512-dIYTWl9XprMUiQFoc55KUyk/oS8SKYH3zFl0LTR7RT0Xj4hgSVyuJcroH8JUu8RcpF8fTB6E0aOwCkZoYPcDSQ==",
      "os": ["android"],
      "cpu": ["arm64"]
    },
    "@rolldown/binding-darwin-arm64@1.2.8": {
      "integrity": "sha512-PCSDQGXD2IyTEFrcgPyBM8jJuGmrbCMuoIOXdbEGVemruKACXoLQJrb+A45Z0L5t1RQkdfJprAYPkikbh7dzdA==",
      "os": ["darwin"],
      "cpu": ["arm64"]
    },
    "@rolldown/binding-darwin-x64@1.2.8": {
      "integrity": "sha512-Uk7lRsGhPFHVX/sAUC6D5H9Ol30dFHd6iquokll2th3LpdJ3F5CzQB+7DHn0Ri2mG+U7k2zXiPHDrwZenXhwSA==",
      "os": ["darwin"],
      "cpu": ["x64"]
    },
    "@rolldown/binding-freebsd-x64@1.2.8": {
      "integrity": "sha512-DjszaTEVogPqA5bYzsEeqDCQxbcp2fexQwKcRspYji2yzR68fCf+e4fx6kBSRDwX5/brZaHw/hWS9+A/+/w9sQ==",
      "os": ["freebsd"],
      "cpu": ["x64"]
    },
    "@rolldown/binding-linux-arm-gnueabihf@1.2.8": {
      "integrity": "sha512-zmwa7FTmdzB6aaEEuuls18H6Ap5JmJPSoPTuXixeJZV6tG40SyLkApQtz1g8ptZtiEKqj9OM0oNLPh1AgvE31Q==",
      "os": ["linux"],
      "cpu": ["arm"]
    },
    "@rolldown/binding-linux-arm64-gnu@1.2.8": {
      "integrity": "sha512-KdYQDPHwJVnbFwdTGMgxsI9SqblBlz6STGM+w1We/d5B8OWWidYH0MwkU/uA1wM5fIpO2MkOVxXrNzzuZhw9ew==",
      "os": ["linux"],
      "cpu": ["arm64"]
    },
    "@rolldown/binding-linux-arm64-musl@1.2.8": {
      "integrity": "sha512-jFJTifHnNPY+yzOoNZQfSIysrVyXzEQPhPnOUjmD1bcQGHH6s7c8cViKWar8YplQImE5N9JRqMCLrM2CdxOrZA==",
      "os": ["linux"],
      "cpu": ["arm64"]
    },
    "@rolldown/binding-linux-ppc64-gnu@1.2.8": {
      "integrity": "sha512-FhiOziBDWPBjbcmRzfLyIJnaP7AVMFXT7YCXPjXxj7wKU3vx24RjrCNN/zjvVa+N2vVoHJwCoUBvsrN/DG3zIA==",
      "os": ["linux"],
      "cpu": ["ppc64"]
    },
    "@rolldown/binding-linux-s390x-gnu@1.2.8": {
      "integrity": "sha512-WnHfADMzOV2Y55wlx1hzzQnar/wDt/VdvWSD99r18Mz9ylNieIGOkRx3UV21h7m/eJvjySYJkO26VvGNFkwsIQ==",
      "os": ["linux"],
      "cpu": ["s390x"]
    },
    "@rolldown/binding-linux-x64-gnu@1.2.8": {
      "integrity": "sha512-H9tRr5ibfXFVLxbPOseVewewFpl28zcEdjRDt2FTUZU7odxP0gEv1ki4/kGmcGOh78oRwZuuQllGLZ9zTJp84g==",
      "os": ["linux"],
      "cpu": ["x64"]
    },
    "@rolldown/binding-linux-x64-musl@1.2.8": {
      "integrity": "sha512-UefiqfM3D6IVNlZ8tSGs9+Ejjud2T+oxO0IHADU45Y+lyEjD2dVFyZHbkfX0LUb5Zugo/oIv1eCO/KVYhgYJYA==",
      "os": ["linux"],
      "cpu": ["x64"]
    },
    "@rolldown/binding-openharmony-arm64@1.2.8": {
      "integrity": "sha512-637Ke4kWSy6rp9cxQ9gMOXlxPgIw/c1beASV4M//3+9I4uwBVOOl74G+e3zyU3u19U7RkRl/HuewixZ/Z6+Rjg==",
      "os": ["openharmony"],
      "cpu": ["arm64"]
    },
    "@rolldown/binding-win32-arm64-msvc@1.2.8": {
      "integrity": "sha512-xWBkPOF1Q9k/Gv1nQXnVdLxKu74jXppuOM4Z3mnypVUJJJwLsMl7hNJGRAUJoG8A5MgOI1ACKM+wBFxSJzKy4A==",
      "os": ["win32"],
      "cpu": ["arm64"]
    },
    "@rolldown/binding-win32-x64-msvc@1.2.8": {
      "integrity": "sha512-uz2ZvfgXbxqNwijjjbxrnvALwpyODDcgc1T1N8N3rf/DXKQmaFwmB4LX4yyjggpwN2obdQLb2rgirX5ffCWYng==",
      "os": ["win32"],
      "cpu": ["x64"]
    },
    "@rolldown/pluginutils@1.0.1": {
      "integrity": "sha512-2j9bGt5Jh8hj+vPtgzPtl72j0yRxHAyumoo6TNfAjsLB04UtpSvPbPcDcBMxz7n+9CYB0c1GxQFxYRg2jimqGw=="
    },
    "@yuku-codegen/binding-android-arm64@0.9.5": {
      "integrity": "sha512-jrOY5WM+AaAqkv51fHP1x28ifto4WgcZVzodLUyMU1jMWn5Sq+VciRdk/n8E0Ey5w4p4cWWE+m5GfXWOYh7Kzw==",
      "os": ["android"],
      "cpu": ["arm64"]
    },
    "@yuku-codegen/binding-darwin-arm64@0.9.5": {
      "integrity": "sha512-4O4lkCQIzPZGjiNB1GORSI6hBECbiiSBS/APZXPvNKYH+nhY4uuqv03LNXA+SET3hoBjvr95P5rIhY8KQaQUBA==",
      "os": ["darwin"],
      "cpu": ["arm64"]
    },
    "@yuku-codegen/binding-darwin-x64@0.9.5": {
      "integrity": "sha512-9EvoUO0SEhD6/d8VHdWuPerepPMSR1y84+UEgz8Un1Ope14Oe7xMvePpEQLTLovoIFZ8Zg3iZ8z8E11pZMqC3g==",
      "os": ["darwin"],
      "cpu": ["x64"]
    },
    "@yuku-codegen/binding-freebsd-x64@0.9.5": {
      "integrity": "sha512-HqT78WwgHTmp8lwujoUa9CrIortX4DdpuiVC18ZPSGvuuJf4ylpIEI6QrQEM78Zwz3muhAWAOXZ5irdiYY+AyA==",
      "os": ["freebsd"],
      "cpu": ["x64"]
    },
    "@yuku-codegen/binding-linux-arm-gnu@0.9.5": {
      "integrity": "sha512-QJXwIW6Ms3QIawbcBIedmrmXnfdpuAOjZJ/eAABq5XTzWvSxZ7lutu9W5yIHahlaTaFnBo7ikrVMD1szLTpPUw==",
      "os": ["linux"],
      "cpu": ["arm"]
    },
    "@yuku-codegen/binding-linux-arm-musl@0.9.5": {
      "integrity": "sha512-eHbFy3IHGb+IYarrYwAo0yWSEQV3eAmEn6VrsKA6I1Wy1YPJxWqSJlV69JhqsHtJuJlljUIF3ex0y46yaKIu9w==",
      "os": ["linux"],
      "cpu": ["arm"]
    },
    "@yuku-codegen/binding-linux-arm64-gnu@0.9.5": {
      "integrity": "sha512-ByoJMbySTaDhjAXSu8q6Lh7HKg3YoesXpcT72aYk0Aiw4PCznmY4ybpLTq0RCvp0RIPhFm/6yECFiGBwyCC1nw==",
      "os": ["linux"],
      "cpu": ["arm64"]
    },
    "@yuku-codegen/binding-linux-arm64-musl@0.9.5": {
      "integrity": "sha512-gD9vfXIoBw1toSxhO9rgmSu/FEfy3PMznJAxVjIuH8DrWEiDKXmJO0pJKfj1Ltbe/TmtWVZR+TjISqeSIGQzMg==",
      "os": ["linux"],
      "cpu": ["arm64"]
    },
    "@yuku-codegen/binding-linux-x64-gnu@0.9.5": {
      "integrity": "sha512-BARvdnvqMGjOr5Iel2JH+9H5vAIE0R6H0Z2fsT02xrvmI/1ZXNB8lkuX+ZGevPhZb3zJ9WeC/R8JZstrsUOK5g==",
      "os": ["linux"],
      "cpu": ["x64"]
    },
    "@yuku-codegen/binding-linux-x64-musl@0.9.5": {
      "integrity": "sha512-x8flcevS1fbb7ESrmpOY/pON4eInSaE/7Ktjqx2udOE2W33BNSZmJuwpyUgo54AoHNqrcaM7szqydyJn5fNvew==",
      "os": ["linux"],
      "cpu": ["x64"]
    },
    "@yuku-codegen/binding-win32-arm64@0.9.5": {
      "integrity": "sha512-KOL/rBatWqH4ZpCNoF8ZtSNdOJbAxBJLmk/VeRciepGROPTbPum1A9t67GpFgOU7qrkUWlPJdJ+KHKbvbmOt+w==",
      "os": ["win32"],
      "cpu": ["arm64"]
    },
    "@yuku-codegen/binding-win32-x64@0.9.5": {
      "integrity": "sha512-FxENahEjWSan59Syh/us/Kf4wNq8qrJLFJ3R2N4Oiwtb6yNdz/rWLNTIoNSssnsp7IoWJdUP6o/Z8ppg7lXMcg==",
      "os": ["win32"],
      "cpu": ["x64"]
    },
    "@yuku-parser/binding-android-arm64@0.9.5": {
      "integrity": "sha512-A2JCFCSHfnficqYEw4Iujpx7XrkMM3UfFcgJFmYpZSo9zM4nyhmdIIE0FogSduuU60lhM0/UcfuUBXIVNBMlGQ==",
      "os": ["android"],
      "cpu": ["arm64"]
    },
    "@yuku-parser/binding-darwin-arm64@0.9.5": {
      "integrity": "sha512-3PiyU+Eare4YuKaQ22N98/yAiROPY5o/NQJHraICzDvk4pgS+m+bgLKOvkGBRn33OnV95Vdv1Mn38b+MQHpULQ==",
      "os": ["darwin"],
      "cpu": ["arm64"]
    },
    "@yuku-parser/binding-darwin-x64@0.9.5": {
      "integrity": "sha512-blFMAFI7AInI83XaiOF8cIeiRM46Nz9EfpZtZPRLbKxSA9aAr5v8aHYpmfN6NoyXxAv/10pwS4gsAuc1W6fy5Q==",
      "os": ["darwin"],
      "cpu": ["x64"]
    },
    "@yuku-parser/binding-freebsd-x64@0.9.5": {
      "integrity": "sha512-TsNuL4qsZdO0tHp5GW43Y5fHeLPpPHA675wdcPNTcdq2ZO5AvsQWFFoiDg8CH4oBktfsQ9tdvKhjLnLYwKvp4g==",
      "os": ["freebsd"],
      "cpu": ["x64"]
    },
    "@yuku-parser/binding-linux-arm-gnu@0.9.5": {
      "integrity": "sha512-b0afYK5gHeV8RdmOcqAlgM8ONsye4cax4DMnIBaoJyPMd1UTGvTbpkqQcPVdhmHlcfcGVGMV1laeVovlr/dscw==",
      "os": ["linux"],
      "cpu": ["arm"]
    },
    "@yuku-parser/binding-linux-arm-musl@0.9.5": {
      "integrity": "sha512-fD3lKzl+r6j6n8DwiMY53qnh5DLqD8KJjCp+NbVud54Nnh3Q9Wprqss3YzyMHP3NSJk663Wlg1E1X5qOuFVFig==",
      "os": ["linux"],
      "cpu": ["arm"]
    },
    "@yuku-parser/binding-linux-arm64-gnu@0.9.5": {
      "integrity": "sha512-aRU/aCphV1MWCl/lvI6NX8LgucHQ68Fx+vz7NBb/5MEr2EuzCxiPOQqeFcMdWh+2AED/p0AvAREch0c+cSnlhA==",
      "os": ["linux"],
      "cpu": ["arm64"]
    },
    "@yuku-parser/binding-linux-arm64-musl@0.9.5": {
      "integrity": "sha512-5+Guro0l8H473YXlEjVNBRLN/IbPbJdnQh1zo0OLt49xxnON+XMJRRaEyTOTfkn9QSRg0+BhEKGR4W9Gu2uZJQ==",
      "os": ["linux"],
      "cpu": ["arm64"]
    },
    "@yuku-parser/binding-linux-x64-gnu@0.9.5": {
      "integrity": "sha512-pwwSyV9q+GlvzSXlsMZBMlgk22L5bud714/vqZCdeUTivzeUVltQzUaf3IQXOGXdpc59JYTeuMCtbGquaAUoCA==",
      "os": ["linux"],
      "cpu": ["x64"]
    },
    "@yuku-parser/binding-linux-x64-musl@0.9.5": {
      "integrity": "sha512-z18j6JN3lBHH8vzN7gG1M8fI0nlgItSfnC9PfbmUbt97iHViKfw2iA2G9fGwRMe5LyPRZBrejIlapbygPbpdaw==",
      "os": ["linux"],
      "cpu": ["x64"]
    },
    "@yuku-parser/binding-win32-arm64@0.9.5": {
      "integrity": "sha512-s6Gwttb1dQvtPX6Bgkw+UPC9IO3UBDXc6Zezog8MMgvu3UfJBBB9TQqKBX/2quu0Eyh+lLSAyNlIyyecaagUPg==",
      "os": ["win32"],
      "cpu": ["arm64"]
    },
    "@yuku-parser/binding-win32-x64@0.9.5": {
      "integrity": "sha512-FrERt9YWatY3bJfSUdi4YWY+6iQcyo3MzCC821BxlWM5TFZEHijnpz/bknR79VHlXY/9CvXz8ZlaAGPsTtN3nw==",
      "os": ["win32"],
      "cpu": ["x64"]
    },
    "@yuku-toolchain/types@0.9.5": {
      "integrity": "sha512-KiuLNNgX9uNealaWAR+G3/cMXnRk9x4TY2EkYe/KIag+UPdwiA0RRf1hr1WAxzTP8KGzCTkqUdLPvqh32sEO3w=="
    },
    "arkregex@0.0.8": {
      "integrity": "sha512-PJcx6G1kQTgLKPUbeYlYecDRaKq15AMSGVajlKFYWlPeJRQL+j3dKE6tyMs40HZ99djS1l9Vhl3ezAHy9JBIqQ==",
      "dependencies": [
        "@ark/util"
      ]
    },
    "cac@7.0.0": {
      "integrity": "sha512-tixWYgm5ZoOD+3g6UTea91eow5z6AAHaho3g0V9CNSNb45gM8SmflpAc+GRd1InC4AqN/07Unrgp56Y94N9hJQ=="
    },
    "defu@6.1.7": {
      "integrity": "sha512-7z22QmUWiQ/2d0KkdYmANbRUVABpZ9SNYyH5vx6PZ+nE5bcC0l7uFvEfHlyld/HcGBFTL536ClDt3DEcSlEJAQ=="
    },
    "dts-resolver@3.0.0": {
      "integrity": "sha512-1T1f+z+4tl9XD+m+0HBgWoL/nm0bOIffyWaUuUSBlFg/86IWvfx+wjNaO/ybU0AJzG9/Mi5hBUgGV6zCmWEN7Q=="
    },
    "empathic@2.0.1": {
      "integrity": "sha512-YGRs8knHhKHVShLkFET/rWAU8kmHbOV5LwN938RHI0pljAJ1Gf6SzXsSmRaEzcXTtOOmVqJ5+WtQPL5uigY50Q=="
    },
    "fdir@6.5.0_picomatch@4.0.7": {
      "integrity": "sha512-tIbYtZbucOs0BRGqPJkshJUYdL+SDH7dVM8gjy+ERp3WAUjLEFJE+02kanyHtwjWOnwrKYBiwAmM0p4kLJAnXg==",
      "dependencies": [
        "picomatch"
      ],
      "optionalPeers": [
        "picomatch"
      ]
    },
    "get-tsconfig@5.0.0-beta.6": {
      "integrity": "sha512-X6fBC0pmImC70gvX2zm56go9hx0MyoGVdG0tUCkg/D+Xnh5TJsOZ7iDbOdI3PvmtrDxnu1YdDufpK2QJX1Meqw==",
      "dependencies": [
        "resolve-pkg-maps"
      ]
    },
    "hookable@6.1.1": {
      "integrity": "sha512-U9LYDy1CwhMCnprUfeAZWZGByVbhd54hwepegYTK7Pi5NvqEj63ifz5z+xukznehT7i6NIZRu89Ay1AZmRsLEQ=="
    },
    "import-without-cache@0.4.0": {
      "integrity": "sha512-NkJQA7oZ4YHQhd2+H3BoRFKF3d/XNsiKpHZCQEMH9pDX27hQQLsTyOocyRgaIVtf8gHX3Nt3LPkR4e5EdtPAGQ=="
    },
    "obug@2.2.1": {
      "integrity": "sha512-XrsrhT5sybtKI6wakr2SPOlGZWWYbUXZ7a0jT8/QOeAPau+1X/bSegNe5YR75oJmEZQbKningirmGOEJCIk61Q=="
    },
    "picomatch@4.0.7": {
      "integrity": "sha512-qcJu88Q2IWqJsDD529JKMdwGm/dvInW4HvQnRwiH9JtihJvzGOscDtHE3x1pBKeUOTysQ8kVmLnJ2kJu7yhcGA=="
    },
    "quansync@1.0.0": {
      "integrity": "sha512-5xZacEEufv3HSTPQuchrvV6soaiACMFnq1H8wkVioctoH3TRha9Sz66lOxRwPK/qZj7HPiSveih9yAyh98gvqA=="
    },
    "resolve-pkg-maps@1.0.0": {
      "integrity": "sha512-seS2Tj26TBVOC2NIc2rOe2y2ZO7efxITtLZcGSOnHHNOQ7CkiUBfw0Iw2ck6xkIhPwLhKNLS8BO+hEpngQlqzw=="
    },
    "rolldown-plugin-dts@0.28.5_rolldown@1.2.8": {
      "integrity": "sha512-yYd3C9CeJwqjOc9X23m0Tyxcqic491uLZlfg51szT287S8zCCqLR2uoySoElgqy2CLn7PdXcEo1dlkBs4n1WHg==",
      "dependencies": [
        "dts-resolver",
        "get-tsconfig",
        "obug",
        "rolldown",
        "yuku-ast",
        "yuku-codegen",
        "yuku-parser"
      ]
    },
    "rolldown@1.2.8": {
      "integrity": "sha512-Z67nTmhZe7anqnM/EjI392w5i/ANUinjip7QYsOyN37oayduxt3ksdX0hf5OOamkAd53BiIHfbfSzfUmzKFQqQ==",
      "dependencies": [
        "@oxc-project/types",
        "@rolldown/pluginutils"
      ],
      "optionalDependencies": [
        "@rolldown/binding-android-arm-eabi",
        "@rolldown/binding-android-arm64",
        "@rolldown/binding-darwin-arm64",
        "@rolldown/binding-darwin-x64",
        "@rolldown/binding-freebsd-x64",
        "@rolldown/binding-linux-arm-gnueabihf",
        "@rolldown/binding-linux-arm64-gnu",
        "@rolldown/binding-linux-arm64-musl",
        "@rolldown/binding-linux-ppc64-gnu",
        "@rolldown/binding-linux-s390x-gnu",
        "@rolldown/binding-linux-x64-gnu",
        "@rolldown/binding-linux-x64-musl",
        "@rolldown/binding-openharmony-arm64",
        "@rolldown/binding-win32-arm64-msvc",
        "@rolldown/binding-win32-x64-msvc"
      ],
      "bin": true
    },
    "tinyexec@1.3.1": {
      "integrity": "sha512-GCvB3aoys96IuDFBMcTB46JOR6mdMtAToqwiW8JlWhsoh1mhHi/xn9ss/Dg7N555GiJyEt2qzoG/NHCwM6h1EA=="
    },
    "tinyglobby@0.2.17": {
      "integrity": "sha512-wXR/dYpcqKmfWpEdZjiKJOwCNFndD0DMnrW/cYjVGttEkBfVgcLFHoNrlj47mjOVic9yyNu65alsgF4NQyTa2g==",
      "dependencies": [
        "fdir",
        "picomatch"
      ]
    },
    "tree-kill@1.2.2": {
      "integrity": "sha512-L0Orpi8qGpRG//Nd+H90vFB+3iHnue1zSSGmNOOCh1GLJ7rUKVwV2HvijphGQS2UmhUZewS9VgvxYIdgr+fG1A==",
      "bin": true
    },
    "tsdown@0.23.0": {
      "integrity": "sha512-BaT+ep1xnj5hdyICLd5r5SYYE+TXnI1ATePLykv9vcKpHpFTWUWRH+x1AF/E2qcu3YB6+vI8IdyxIIIffEqw5Q==",
      "dependencies": [
        "cac",
        "defu",
        "empathic",
        "hookable",
        "import-without-cache",
        "obug",
        "picomatch",
        "rolldown",
        "rolldown-plugin-dts",
        "tinyexec",
        "tinyglobby",
        "tree-kill",
        "unconfig-core",
        "verkit"
      ],
      "bin": true
    },
    "unconfig-core@7.5.0": {
      "integrity": "sha512-Su3FauozOGP44ZmKdHy2oE6LPjk51M/TRRjHv2HNCWiDvfvCoxC2lno6jevMA91MYAdCdwP05QnWdWpSbncX/w==",
      "dependencies": [
        "@quansync/fs",
        "quansync"
      ]
    },
    "verkit@0.4.0": {
      "integrity": "sha512-sXMwN6DMHeouPfCxkxWkKAmxphWKEenHYY5H1nIBzU3PmDsmJp6kBXJdshjVdpMZuWCmL9SH7KFRx29AylpP6g=="
    },
    "yuku-ast@0.9.5": {
      "integrity": "sha512-Q8qW8WwQnN5Cm0ZZivdRIfv0sRLTjUq0YumXJkw8CYN1aCdICH9rk4C47/4n6kA5EqDtlj+F608twoTSV2MwdQ==",
      "dependencies": [
        "@yuku-toolchain/types"
      ]
    },
    "yuku-codegen@0.9.5": {
      "integrity": "sha512-zGUVyDpSK4b6c9B0yyxi2P0wujn1XZTbG9dCb7d6gyAoP63EMgyLzUwPUvwxPG5jgYqhlI7w+S3oCyapqGr4PA==",
      "dependencies": [
        "@yuku-toolchain/types"
      ],
      "optionalDependencies": [
        "@yuku-codegen/binding-android-arm64",
        "@yuku-codegen/binding-darwin-arm64",
        "@yuku-codegen/binding-darwin-x64",
        "@yuku-codegen/binding-freebsd-x64",
        "@yuku-codegen/binding-linux-arm-gnu",
        "@yuku-codegen/binding-linux-arm-musl",
        "@yuku-codegen/binding-linux-arm64-gnu",
        "@yuku-codegen/binding-linux-arm64-musl",
        "@yuku-codegen/binding-linux-x64-gnu",
        "@yuku-codegen/binding-linux-x64-musl",
        "@yuku-codegen/binding-win32-arm64",
        "@yuku-codegen/binding-win32-x64"
      ]
    },
    "yuku-parser@0.9.5": {
      "integrity": "sha512-IBnAdNVMswWbJcM7woPluOudectJzFjJ1N8jVRxP9Uq4CIv5hZdBIcdmtRbFDYF/Ph2j2gVup4YJ4N9mh0jYFA==",
      "dependencies": [
        "@yuku-toolchain/types",
        "yuku-ast"
      ],
      "optionalDependencies": [
        "@yuku-parser/binding-android-arm64",
        "@yuku-parser/binding-darwin-arm64",
        "@yuku-parser/binding-darwin-x64",
        "@yuku-parser/binding-freebsd-x64",
        "@yuku-parser/binding-linux-arm-gnu",
        "@yuku-parser/binding-linux-arm-musl",
        "@yuku-parser/binding-linux-arm64-gnu",
        "@yuku-parser/binding-linux-arm64-musl",
        "@yuku-parser/binding-linux-x64-gnu",
        "@yuku-parser/binding-linux-x64-musl",
        "@yuku-parser/binding-win32-arm64",
        "@yuku-parser/binding-win32-x64"
      ]
    }
  },
  "workspace": {
    "dependencies": [
      "jsr:@david/dax@0.48.5",
      "jsr:@david/jsonc-morph@0.3.4",
      "jsr:@deno/rolldown-plugin@0.0.10",
      "jsr:@ryu/enogu@0.7.0",
      "jsr:@std/assert@1.0.19",
      "jsr:@std/cli@1.0.32",
      "jsr:@std/fs@1.0.24",
      "jsr:@std/jsonc@1.0.2",
      "jsr:@std/path@1.1.6",
      "jsr:@std/semver@1.0.8",
      "jsr:@std/yaml@1.2.0",
      "jsr:@valibot/valibot@1.4.1",
      "npm:arkregex@0.0.8",
      "npm:tsdown@0.23.0"
    ]
  }
}
