{
  "version": "5",
  "specifiers": {
    "jsr:@david/console-static-text@0.3": "0.3.0",
    "jsr:@david/dax@0.43.2": "0.43.2",
    "jsr:@david/path@0.2": "0.2.0",
    "jsr:@david/which@~0.4.1": "0.4.1",
    "jsr:@ryu/enogu@0.6.2": "0.6.2",
    "jsr:@std/assert@1.0.16": "1.0.16",
    "jsr:@std/bytes@^1.0.5": "1.0.6",
    "jsr:@std/cli@1.0.24": "1.0.24",
    "jsr:@std/fmt@1": "1.0.8",
    "jsr:@std/fs@1": "1.0.20",
    "jsr:@std/fs@1.0.20": "1.0.20",
    "jsr:@std/internal@^1.0.12": "1.0.12",
    "jsr:@std/io@0.225": "0.225.2",
    "jsr:@std/json@^1.0.2": "1.0.2",
    "jsr:@std/jsonc@1.0.2": "1.0.2",
    "jsr:@std/path@1": "1.1.3",
    "jsr:@std/path@1.1.3": "1.1.3",
    "jsr:@std/path@^1.1.3": "1.1.3",
    "jsr:@std/yaml@1.0.10": "1.0.10",
    "jsr:@valibot/valibot@1.1.0": "1.1.0",
    "npm:@types/node@*": "24.2.0"
  },
  "jsr": {
    "@david/console-static-text@0.3.0": {
      "integrity": "2dfb46ecee525755f7989f94ece30bba85bd8ffe3e8666abc1bf926e1ee0698d"
    },
    "@david/dax@0.43.2": {
      "integrity": "8c7df175465d994c0e3568e3eb91102768c2f1c86d2a513d7fc4cab13f9cb328",
      "dependencies": [
        "jsr:@david/console-static-text",
        "jsr:@david/path",
        "jsr:@david/which",
        "jsr:@std/fmt",
        "jsr:@std/fs@1",
        "jsr:@std/io",
        "jsr:@std/path@1"
      ]
    },
    "@david/path@0.2.0": {
      "integrity": "f2d7aa7f02ce5a55e27c09f9f1381794acb09d328f8d3c8a2e3ab3ffc294dccd",
      "dependencies": [
        "jsr:@std/fs@1",
        "jsr:@std/path@1"
      ]
    },
    "@david/which@0.4.1": {
      "integrity": "896a682b111f92ab866cc70c5b4afab2f5899d2f9bde31ed00203b9c250f225e"
    },
    "@ryu/enogu@0.6.2": {
      "integrity": "3209720528773bcc5070c2df90778a9a3d04d11eca6a7f1601a0d38b17ef69f6"
    },
    "@std/assert@1.0.16": {
      "integrity": "6a7272ed1eaa77defe76e5ff63ca705d9c495077e2d5fd0126d2b53fc5bd6532",
      "dependencies": [
        "jsr:@std/internal"
      ]
    },
    "@std/bytes@1.0.6": {
      "integrity": "f6ac6adbd8ccd99314045f5703e23af0a68d7f7e58364b47d2c7f408aeb5820a"
    },
    "@std/cli@1.0.24": {
      "integrity": "b655a5beb26aa94f98add6bc8889f5fb9bc3ee2cc3fc954e151201f4c4200a5e"
    },
    "@std/fmt@1.0.8": {
      "integrity": "71e1fc498787e4434d213647a6e43e794af4fd393ef8f52062246e06f7e372b7"
    },
    "@std/fs@1.0.20": {
      "integrity": "e953206aae48d46ee65e8783ded459f23bec7dd1f3879512911c35e5484ea187",
      "dependencies": [
        "jsr:@std/internal",
        "jsr:@std/path@^1.1.3"
      ]
    },
    "@std/internal@1.0.12": {
      "integrity": "972a634fd5bc34b242024402972cd5143eac68d8dffaca5eaa4dba30ce17b027"
    },
    "@std/io@0.225.2": {
      "integrity": "3c740cd4ee4c082e6cfc86458f47e2ab7cb353dc6234d5e9b1f91a2de5f4d6c7",
      "dependencies": [
        "jsr:@std/bytes"
      ]
    },
    "@std/json@1.0.2": {
      "integrity": "d9e5497801c15fb679f55a2c01c7794ad7a5dfda4dd1bebab5e409cb5e0d34d4"
    },
    "@std/jsonc@1.0.2": {
      "integrity": "909605dae3af22bd75b1cbda8d64a32cf1fd2cf6efa3f9e224aba6d22c0f44c7",
      "dependencies": [
        "jsr:@std/json"
      ]
    },
    "@std/path@1.1.3": {
      "integrity": "b015962d82a5e6daea980c32b82d2c40142149639968549c649031a230b1afb3",
      "dependencies": [
        "jsr:@std/internal"
      ]
    },
    "@std/yaml@1.0.10": {
      "integrity": "245706ea3511cc50c8c6d00339c23ea2ffa27bd2c7ea5445338f8feff31fa58e"
    },
    "@valibot/valibot@1.1.0": {
      "integrity": "2617f02b532011b8140926899d420a3e1bbb0fcb7cdf8e7b669df89e7edd7f5f"
    }
  },
  "npm": {
    "@types/node@24.2.0": {
      "integrity": "sha512-3xyG3pMCq3oYCNg7/ZP+E1ooTaGB4cG8JWRsqqOYQdbWNY4zbaV0Ennrd7stjiJEFZCaybcIgpTjJWHRfBSIDw==",
      "dependencies": [
        "undici-types"
      ]
    },
    "undici-types@7.10.0": {
      "integrity": "sha512-t5Fy/nfn+14LuOc2KNYg75vZqClpAiqscVvMygNnlsHBFpSXdJaYtXMcdNLpl/Qvc3P2cB3s6lOV51nqsFq4ag=="
    }
  },
  "workspace": {
    "dependencies": [
      "jsr:@david/dax@0.43.2",
      "jsr:@ryu/enogu@0.6.2",
      "jsr:@std/assert@1.0.16",
      "jsr:@std/cli@1.0.24",
      "jsr:@std/fs@1.0.20",
      "jsr:@std/jsonc@1.0.2",
      "jsr:@std/path@1.1.3",
      "jsr:@std/yaml@1.0.10",
      "jsr:@valibot/valibot@1.1.0"
    ]
  }
}
