# This file is generated by running "yarn install" inside your project.
# Manual changes might be lost - proceed with caution!

__metadata:
  version: 8
  cacheKey: 10c0

"react1@workspace:packages/react1":
  version: 0.0.0-use.local
  resolution: "react1@workspace:packages/react1"
  dependencies:
    react: "npm:~19.1.0"
  languageName: unknown
  linkType: soft

"react2@workspace:packages/react2":
  version: 0.0.0-use.local
  resolution: "react2@workspace:packages/react2"
  dependencies:
    react: "npm:~19.0.0"
  languageName: unknown
  linkType: soft

"react3@workspace:packages/react3":
  version: 0.0.0-use.local
  resolution: "react3@workspace:packages/react3"
  dependencies:
    react: "npm:^19.2.1"
  languageName: unknown
  linkType: soft

"react@npm:^19.2.1":
  version: 19.2.3
  resolution: "react@npm:19.2.3"
  checksum: 10c0/094220b3ba3a76c1b668f972ace1dd15509b157aead1b40391d1c8e657e720c201d9719537375eff08f5e0514748c0319063392a6f000e31303aafc4471f1436
  languageName: node
  linkType: hard

"react@npm:~19.0.0":
  version: 19.0.3
  resolution: "react@npm:19.0.3"
  checksum: 10c0/39c41b46e719650d0b10763d66d606a6251049e81dd805935f5ed5bfb19eca85a0786a6864767f4d4e4ae721608ae24a0c655c526a8d018e56bc262b34886a36
  languageName: node
  linkType: hard

"react@npm:~19.1.0":
  version: 19.1.4
  resolution: "react@npm:19.1.4"
  checksum: 10c0/159257dbaf168facecc0a34825114e2b00624d315b7dca8468afcc790eadf5a49f90c0234be7492c7207239292e789e443ca419a83121898b82b0824454900f2
  languageName: node
  linkType: hard

"yarn-workspace@workspace:.":
  version: 0.0.0-use.local
  resolution: "yarn-workspace@workspace:."
  languageName: unknown
  linkType: soft
