# This file is generated by running "yarn install" inside your project.
# Manual changes might be lost - proceed with caution!

__metadata:
  version: 8
  cacheKey: 10c0

"@ryu/enogu@jsr:^0.6.2":
  version: 0.6.2
  resolution: "@ryu/enogu@jsr:0.6.2::__archiveUrl=https%3A%2F%2Fnpm.jsr.io%2F~%2F11%2F%40jsr%2Fryu__enogu%2F0.6.2.tgz"
  checksum: 10c0/e7fb408c605d5934206fac2aa9fe1bb355835b68102109e49bce275d3feb978fd727e66477430888c9217b44e1a343b4eb6198c50c8e2b35b17fa85255b66edb
  languageName: node
  linkType: hard

"@ryu/enogu@npm:@jsr/ryu__enogu@^0.6.2":
  version: 0.6.2
  resolution: "@jsr/ryu__enogu@npm:0.6.2::__archiveUrl=https%3A%2F%2Fnpm.jsr.io%2F~%2F11%2F%40jsr%2Fryu__enogu%2F0.6.2.tgz"
  checksum: 10c0/e7fb408c605d5934206fac2aa9fe1bb355835b68102109e49bce275d3feb978fd727e66477430888c9217b44e1a343b4eb6198c50c8e2b35b17fa85255b66edb
  languageName: node
  linkType: hard

"jsr-testdata@workspace:.":
  version: 0.0.0-use.local
  resolution: "jsr-testdata@workspace:."
  dependencies:
    "@ryu/enogu": "jsr:^0.6.2"
  languageName: unknown
  linkType: soft
