{
    "name": "jsr-npm-testdata",
    "lockfileVersion": 3,
    "requires": true,
    "packages": {
        "": {
            "name": "jsr-npm-testdata",
            "dependencies": {
                "@ryu/enogu": "npm:@jsr/ryu__enogu@^0.6.2"
            }
        },
        "node_modules/@ryu/enogu": {
            "name": "@jsr/ryu__enogu",
            "version": "0.6.2",
            "resolved": "https://npm.jsr.io/~/11/@jsr/ryu__enogu/0.6.2.tgz",
            "integrity": "sha512-xwYjaqwkXE4wLIzcpj1eUsNlYZZrB1U/oE+Yi9mOG+jgaq0k0P5gtbHmh3dzNAOVsBHeNkCPyhOfLB9X+GnRRA=="
        }
    }
}
