{
  "name": "testdata",
  "lockfileVersion": 3,
  "requires": true,
  "packages": {
    "": {
      "name": "testdata",
      "workspaces": [
        "packages/*",
        "apps/*"
      ],
      "dependencies": {
        "@hono/react-compat": "^0.0.3",
        "jsonc-parser": "^3.3.1"
      },
      "devDependencies": {
        "enogu": "~0.6.0"
      },
      "peerDependencies": {
        "react": ">=18.0.0"
      }
    },
    "node_modules/@hono/react-compat": {
      "version": "0.0.3",
      "resolved": "https://registry.npmjs.org/@hono/react-compat/-/react-compat-0.0.3.tgz",
      "integrity": "sha512-/q1xv6siUJHWeLxJFL+YVR15ylIFe1N3NhrL14a9NH+cV6x53MTQM8g5Xik/J1Xsw4WBLUzKCH+lMENfdhwriA==",
      "license": "MIT",
      "peerDependencies": {
        "hono": ">=4.5.*"
      }
    },
    "node_modules/enogu": {
      "version": "0.6.2",
      "resolved": "https://registry.npmjs.org/enogu/-/enogu-0.6.2.tgz",
      "integrity": "sha512-gPvPpHxTGn0J+izA6AsK+vQ1PSIQWRMoik7MqzDwfGt9LUcRoielQ2KHoDNYilpkmTjAYLU5d2TkhXNxHDsjHA==",
      "dev": true,
      "license": "MIT"
    },
    "node_modules/hono": {
      "version": "4.9.8",
      "resolved": "https://registry.npmjs.org/hono/-/hono-4.9.8.tgz",
      "integrity": "sha512-JW8Bb4RFWD9iOKxg5PbUarBYGM99IcxFl2FPBo2gSJO11jjUDqlP1Bmfyqt8Z/dGhIQ63PMA9LdcLefXyIasyg==",
      "license": "MIT",
      "peer": true,
      "engines": {
        "node": ">=16.9.0"
      }
    },
    "node_modules/jsonc-parser": {
      "version": "3.3.1",
      "resolved": "https://registry.npmjs.org/jsonc-parser/-/jsonc-parser-3.3.1.tgz",
      "integrity": "sha512-HUgH65KyejrUFPvHFPbqOY0rsFip3Bo5wb4ngvdi1EpCYWUQDC5V+Y7mZws+DLkr4M//zQJoanu1SP+87Dv1oQ==",
      "license": "MIT"
    },
    "node_modules/react": {
      "version": "19.1.1",
      "resolved": "https://registry.npmjs.org/react/-/react-19.1.1.tgz",
      "integrity": "sha512-w8nqGImo45dmMIfljjMwOGtbmC/mk4CMYhWIicdSflH91J9TyCyczcPFXJzrZ/ZXcgGRFeP6BU0BEJTw6tZdfQ==",
      "license": "MIT",
      "peer": true,
      "engines": {
        "node": ">=0.10.0"
      }
    }
  }
}
