# This file is generated by running "yarn install" inside your project.
# Manual changes might be lost - proceed with caution!

__metadata:
  version: 8
  cacheKey: 10c0

"@hono/react-compat@npm:^0.0.3":
  version: 0.0.3
  resolution: "@hono/react-compat@npm:0.0.3"
  peerDependencies:
    hono: ">=4.5.*"
  checksum: 10c0/d78d800584686927f4a24b38572d7186beb855a34d7fcd5675fd1ba08e63d685f5fea6e39f406e75ad5e2a6c20de0a6c744f0d10f6c44d320f09a36c2b89ed9d
  languageName: node
  linkType: hard

"enogu@npm:~0.6.0":
  version: 0.6.2
  resolution: "enogu@npm:0.6.2"
  checksum: 10c0/627a097382517a125e08c26a518f7ca862c962ca4beab260502050002230e026f8c7f3f8a839352becadf9edde9699c6321f3bb52e953cee1ffc98e07d28a03e
  languageName: node
  linkType: hard

"jsonc-parser@npm:^3.3.1":
  version: 3.3.1
  resolution: "jsonc-parser@npm:3.3.1"
  checksum: 10c0/269c3ae0a0e4f907a914bf334306c384aabb9929bd8c99f909275ebd5c2d3bc70b9bcd119ad794f339dec9f24b6a4ee9cd5a8ab2e6435e730ad4075388fc2ab6
  languageName: node
  linkType: hard

"testdata@workspace:.":
  version: 0.0.0-use.local
  resolution: "testdata@workspace:."
  dependencies:
    "@hono/react-compat": "npm:^0.0.3"
    enogu: "npm:~0.6.0"
    jsonc-parser: "npm:^3.3.1"
  peerDependencies:
    react: ">=18.0.0"
  languageName: unknown
  linkType: soft
