{
  "name": "simple-project",
  "version": "1.0.0",
  "lockfileVersion": 3,
  "requires": true,
  "packages": {
    "": {
      "name": "simple-project",
      "version": "1.0.0",
      "dependencies": {
        "enogu": "^0.6.0"
      }
    },
    "node_modules/enogu": {
      "version": "0.6.2",
      "resolved": "https://registry.npmjs.org/enogu/-/enogu-0.6.2.tgz",
      "integrity": "sha512-gPvPpHxTGn0J+izA6AsK+vQ1PSIQWRMoik7MqzDwfGt9LUcRoielQ2KHoDNYilpkmTjAYLU5d2TkhXNxHDsjHA==",
      "license": "MIT"
    }
  }
}
